
Microsoft Visual Studio Solution File, Format Version 12.00
# Visual Studio Version 16
VisualStudioVersion = 16.0.29728.190
MinimumVisualStudioVersion = 15.0.26124.0
Project("{2150E333-8FDC-42A3-9474-1A3956D46DE8}") = "domain", "domain", "{E06A62C3-B771-4F6B-9238-CE5FA6C62BDC}"
EndProject
Project("{9A19103F-16F7-4668-BE54-9A1E7A4F7556}") = "Bookshop", "domain\Bookshop\Bookshop.csproj", "{0D7C58FF-87C8-4BF4-AE9D-44E1D1C742B2}"
EndProject
Project("{2150E333-8FDC-42A3-9474-1A3956D46DE8}") = "infrastructure", "infrastructure", "{84D916AD-4BA9-4E3C-B38D-850BBA4F412B}"
EndProject
Project("{FAE04EC0-301F-11D3-BF4B-00C04F79EFBC}") = "BookShopMemory", "infrastructure\BookShopMemory\BookShopMemory.csproj", "{75D16742-A240-4376-8901-B4E361F95253}"
EndProject
Global
	GlobalSection(SolutionConfigurationPlatforms) = preSolution
		Debug|Any CPU = Debug|Any CPU
		Debug|x64 = Debug|x64
		Debug|x86 = Debug|x86
		Release|Any CPU = Release|Any CPU
		Release|x64 = Release|x64
		Release|x86 = Release|x86
	EndGlobalSection
	GlobalSection(ProjectConfigurationPlatforms) = postSolution
		{0D7C58FF-87C8-4BF4-AE9D-44E1D1C742B2}.Debug|Any CPU.ActiveCfg = Debug|Any CPU
		{0D7C58FF-87C8-4BF4-AE9D-44E1D1C742B2}.Debug|Any CPU.Build.0 = Debug|Any CPU
		{0D7C58FF-87C8-4BF4-AE9D-44E1D1C742B2}.Debug|x64.ActiveCfg = Debug|Any CPU
		{0D7C58FF-87C8-4BF4-AE9D-44E1D1C742B2}.Debug|x64.Build.0 = Debug|Any CPU
		{0D7C58FF-87C8-4BF4-AE9D-44E1D1C742B2}.Debug|x86.ActiveCfg = Debug|Any CPU
		{0D7C58FF-87C8-4BF4-AE9D-44E1D1C742B2}.Debug|x86.Build.0 = Debug|Any CPU
		{0D7C58FF-87C8-4BF4-AE9D-44E1D1C742B2}.Release|Any CPU.ActiveCfg = Release|Any CPU
		{0D7C58FF-87C8-4BF4-AE9D-44E1D1C742B2}.Release|Any CPU.Build.0 = Release|Any CPU
		{0D7C58FF-87C8-4BF4-AE9D-44E1D1C742B2}.Release|x64.ActiveCfg = Release|Any CPU
		{0D7C58FF-87C8-4BF4-AE9D-44E1D1C742B2}.Release|x64.Build.0 = Release|Any CPU
		{0D7C58FF-87C8-4BF4-AE9D-44E1D1C742B2}.Release|x86.ActiveCfg = Release|Any CPU
		{0D7C58FF-87C8-4BF4-AE9D-44E1D1C742B2}.Release|x86.Build.0 = Release|Any CPU
		{75D16742-A240-4376-8901-B4E361F95253}.Debug|Any CPU.ActiveCfg = Debug|Any CPU
		{75D16742-A240-4376-8901-B4E361F95253}.Debug|Any CPU.Build.0 = Debug|Any CPU
		{75D16742-A240-4376-8901-B4E361F95253}.Debug|x64.ActiveCfg = Debug|Any CPU
		{75D16742-A240-4376-8901-B4E361F95253}.Debug|x64.Build.0 = Debug|Any CPU
		{75D16742-A240-4376-8901-B4E361F95253}.Debug|x86.ActiveCfg = Debug|Any CPU
		{75D16742-A240-4376-8901-B4E361F95253}.Debug|x86.Build.0 = Debug|Any CPU
		{75D16742-A240-4376-8901-B4E361F95253}.Release|Any CPU.ActiveCfg = Release|Any CPU
		{75D16742-A240-4376-8901-B4E361F95253}.Release|Any CPU.Build.0 = Release|Any CPU
		{75D16742-A240-4376-8901-B4E361F95253}.Release|x64.ActiveCfg = Release|Any CPU
		{75D16742-A240-4376-8901-B4E361F95253}.Release|x64.Build.0 = Release|Any CPU
		{75D16742-A240-4376-8901-B4E361F95253}.Release|x86.ActiveCfg = Release|Any CPU
		{75D16742-A240-4376-8901-B4E361F95253}.Release|x86.Build.0 = Release|Any CPU
	EndGlobalSection
	GlobalSection(SolutionProperties) = preSolution
		HideSolutionNode = FALSE
	EndGlobalSection
	GlobalSection(NestedProjects) = preSolution
		{0D7C58FF-87C8-4BF4-AE9D-44E1D1C742B2} = {E06A62C3-B771-4F6B-9238-CE5FA6C62BDC}
		{75D16742-A240-4376-8901-B4E361F95253} = {84D916AD-4BA9-4E3C-B38D-850BBA4F412B}
	EndGlobalSection
	GlobalSection(ExtensibilityGlobals) = postSolution
		SolutionGuid = {7D64812F-13B8-4522-9364-6F67AAEF7A60}
	EndGlobalSection
EndGlobal
